
Microsoft Visual Studio Solution File, Format Version 12.00
# Visual Studio 15
VisualStudioVersion = 15.0.27703.2035
MinimumVisualStudioVersion = 10.0.40219.1
Project("{FAE04EC0-301F-11D3-BF4B-00C04F79EFBC}") = "CGL", "CGL\CGL.csproj", "{24CAAE07-9F90-4AA0-8A82-1A3819BFB244}"
EndProject
Global
	GlobalSection(SolutionConfigurationPlatforms) = preSolution
		Debug|Any CPU = Debug|Any CPU
		Release|Any CPU = Release|Any CPU
	EndGlobalSection
	GlobalSection(ProjectConfigurationPlatforms) = postSolution
		{24CAAE07-9F90-4AA0-8A82-1A3819BFB244}.Debug|Any CPU.ActiveCfg = Debug|Any CPU
		{24CAAE07-9F90-4AA0-8A82-1A3819BFB244}.Debug|Any CPU.Build.0 = Debug|Any CPU
		{24CAAE07-9F90-4AA0-8A82-1A3819BFB244}.Release|Any CPU.ActiveCfg = Release|Any CPU
		{24CAAE07-9F90-4AA0-8A82-1A3819BFB244}.Release|Any CPU.Build.0 = Release|Any CPU
	EndGlobalSection
	GlobalSection(SolutionProperties) = preSolution
		HideSolutionNode = FALSE
	EndGlobalSection
	GlobalSection(ExtensibilityGlobals) = postSolution
		SolutionGuid = {6212C466-7D4D-4871-81FB-2E894C080AB9}
	EndGlobalSection
EndGlobal
